
Microsoft Visual Studio Solution File, Format Version 12.00
# Visual Studio 15
VisualStudioVersion = 15.0.26124.0
MinimumVisualStudioVersion = 15.0.26124.0
Project("{2150E333-8FDC-42A3-9474-1A3956D46DE8}") = "src", "src", "{CF9F8870-5896-449C-99A5-DDD733977918}"
EndProject
Project("{FAE04EC0-301F-11D3-BF4B-00C04F79EFBC}") = "CSharpEFSkipTakeSql2005e2008.Prompt", "src\CSharpEFSkipTakeSql2005e2008.Prompt\CSharpEFSkipTakeSql2005e2008.Prompt.csproj", "{31981ACA-3DAE-4D62-9E0E-3400E8536B6A}"
EndProject
Global
	GlobalSection(SolutionConfigurationPlatforms) = preSolution
		Debug|Any CPU = Debug|Any CPU
		Debug|x64 = Debug|x64
		Debug|x86 = Debug|x86
		Release|Any CPU = Release|Any CPU
		Release|x64 = Release|x64
		Release|x86 = Release|x86
	EndGlobalSection
	GlobalSection(SolutionProperties) = preSolution
		HideSolutionNode = FALSE
	EndGlobalSection
	GlobalSection(ProjectConfigurationPlatforms) = postSolution
		{31981ACA-3DAE-4D62-9E0E-3400E8536B6A}.Debug|Any CPU.ActiveCfg = Debug|Any CPU
		{31981ACA-3DAE-4D62-9E0E-3400E8536B6A}.Debug|Any CPU.Build.0 = Debug|Any CPU
		{31981ACA-3DAE-4D62-9E0E-3400E8536B6A}.Debug|x64.ActiveCfg = Debug|Any CPU
		{31981ACA-3DAE-4D62-9E0E-3400E8536B6A}.Debug|x64.Build.0 = Debug|Any CPU
		{31981ACA-3DAE-4D62-9E0E-3400E8536B6A}.Debug|x86.ActiveCfg = Debug|Any CPU
		{31981ACA-3DAE-4D62-9E0E-3400E8536B6A}.Debug|x86.Build.0 = Debug|Any CPU
		{31981ACA-3DAE-4D62-9E0E-3400E8536B6A}.Release|Any CPU.ActiveCfg = Release|Any CPU
		{31981ACA-3DAE-4D62-9E0E-3400E8536B6A}.Release|Any CPU.Build.0 = Release|Any CPU
		{31981ACA-3DAE-4D62-9E0E-3400E8536B6A}.Release|x64.ActiveCfg = Release|Any CPU
		{31981ACA-3DAE-4D62-9E0E-3400E8536B6A}.Release|x64.Build.0 = Release|Any CPU
		{31981ACA-3DAE-4D62-9E0E-3400E8536B6A}.Release|x86.ActiveCfg = Release|Any CPU
		{31981ACA-3DAE-4D62-9E0E-3400E8536B6A}.Release|x86.Build.0 = Release|Any CPU
	EndGlobalSection
	GlobalSection(NestedProjects) = preSolution
		{31981ACA-3DAE-4D62-9E0E-3400E8536B6A} = {CF9F8870-5896-449C-99A5-DDD733977918}
	EndGlobalSection
EndGlobal
